
Microsoft Visual Studio Solution File, Format Version 12.00
# Visual Studio 2013
VisualStudioVersion = 12.0.31101.0
MinimumVisualStudioVersion = 10.0.40219.1
Project("{FAE04EC0-301F-11D3-BF4B-00C04F79EFBC}") = "Q01Dictionary", "Q01Dictionary\Q01Dictionary.csproj", "{CF089344-BFAB-4348-98F5-A69A9E8E93CB}"
EndProject
Project("{FAE04EC0-301F-11D3-BF4B-00C04F79EFBC}") = "Q02CountSymbols", "Q02CountSymbols\Q02CountSymbols.csproj", "{EFD16BA1-3CAC-4A64-A981-C7F1A4473947}"
EndProject
Project("{FAE04EC0-301F-11D3-BF4B-00C04F79EFBC}") = "Q03Phonebook", "Q03Phonebook\Q03Phonebook.csproj", "{ED5152EB-EA66-44C3-8E5C-8E1B891AAB7A}"
EndProject
Project("{FAE04EC0-301F-11D3-BF4B-00C04F79EFBC}") = "Q04OrderedSet", "Q04OrderedSet\Q04OrderedSet.csproj", "{7F51133C-1379-4FB0-8025-D22210BF6080}"
EndProject
Global
	GlobalSection(SolutionConfigurationPlatforms) = preSolution
		Debug|Any CPU = Debug|Any CPU
		Release|Any CPU = Release|Any CPU
	EndGlobalSection
	GlobalSection(ProjectConfigurationPlatforms) = postSolution
		{CF089344-BFAB-4348-98F5-A69A9E8E93CB}.Debug|Any CPU.ActiveCfg = Debug|Any CPU
		{CF089344-BFAB-4348-98F5-A69A9E8E93CB}.Debug|Any CPU.Build.0 = Debug|Any CPU
		{CF089344-BFAB-4348-98F5-A69A9E8E93CB}.Release|Any CPU.ActiveCfg = Release|Any CPU
		{CF089344-BFAB-4348-98F5-A69A9E8E93CB}.Release|Any CPU.Build.0 = Release|Any CPU
		{EFD16BA1-3CAC-4A64-A981-C7F1A4473947}.Debug|Any CPU.ActiveCfg = Debug|Any CPU
		{EFD16BA1-3CAC-4A64-A981-C7F1A4473947}.Debug|Any CPU.Build.0 = Debug|Any CPU
		{EFD16BA1-3CAC-4A64-A981-C7F1A4473947}.Release|Any CPU.ActiveCfg = Release|Any CPU
		{EFD16BA1-3CAC-4A64-A981-C7F1A4473947}.Release|Any CPU.Build.0 = Release|Any CPU
		{ED5152EB-EA66-44C3-8E5C-8E1B891AAB7A}.Debug|Any CPU.ActiveCfg = Debug|Any CPU
		{ED5152EB-EA66-44C3-8E5C-8E1B891AAB7A}.Debug|Any CPU.Build.0 = Debug|Any CPU
		{ED5152EB-EA66-44C3-8E5C-8E1B891AAB7A}.Release|Any CPU.ActiveCfg = Release|Any CPU
		{ED5152EB-EA66-44C3-8E5C-8E1B891AAB7A}.Release|Any CPU.Build.0 = Release|Any CPU
		{7F51133C-1379-4FB0-8025-D22210BF6080}.Debug|Any CPU.ActiveCfg = Debug|Any CPU
		{7F51133C-1379-4FB0-8025-D22210BF6080}.Debug|Any CPU.Build.0 = Debug|Any CPU
		{7F51133C-1379-4FB0-8025-D22210BF6080}.Release|Any CPU.ActiveCfg = Release|Any CPU
		{7F51133C-1379-4FB0-8025-D22210BF6080}.Release|Any CPU.Build.0 = Release|Any CPU
	EndGlobalSection
	GlobalSection(SolutionProperties) = preSolution
		HideSolutionNode = FALSE
	EndGlobalSection
EndGlobal
