
Microsoft Visual Studio Solution File, Format Version 12.00
# Visual Studio 2013
VisualStudioVersion = 12.0.31101.0
MinimumVisualStudioVersion = 10.0.40219.1
Project("{FAE04EC0-301F-11D3-BF4B-00C04F79EFBC}") = "01WordsInFile", "01WordsInFile\01WordsInFile.csproj", "{09B428CA-C9A1-4B46-ACC1-FB322D0345A0}"
EndProject
Project("{FAE04EC0-301F-11D3-BF4B-00C04F79EFBC}") = "02ProductsInPriceRange", "02ProductsInPriceRange\02ProductsInPriceRange.csproj", "{535B7C98-5527-4072-A594-68DBDBD8ACDB}"
EndProject
Project("{FAE04EC0-301F-11D3-BF4B-00C04F79EFBC}") = "04StringEditor", "04StringEditor\04StringEditor.csproj", "{CE9E3399-3CFE-4277-B9A8-D81EE838AB62}"
EndProject
Project("{FAE04EC0-301F-11D3-BF4B-00C04F79EFBC}") = "03BinaryHeap", "03BinaryHeap\03BinaryHeap.csproj", "{A0CE3176-EDDD-4D13-B0B5-2196E171AFA2}"
EndProject
Global
	GlobalSection(SolutionConfigurationPlatforms) = preSolution
		Debug|Any CPU = Debug|Any CPU
		Release|Any CPU = Release|Any CPU
	EndGlobalSection
	GlobalSection(ProjectConfigurationPlatforms) = postSolution
		{09B428CA-C9A1-4B46-ACC1-FB322D0345A0}.Debug|Any CPU.ActiveCfg = Debug|Any CPU
		{09B428CA-C9A1-4B46-ACC1-FB322D0345A0}.Debug|Any CPU.Build.0 = Debug|Any CPU
		{09B428CA-C9A1-4B46-ACC1-FB322D0345A0}.Release|Any CPU.ActiveCfg = Release|Any CPU
		{09B428CA-C9A1-4B46-ACC1-FB322D0345A0}.Release|Any CPU.Build.0 = Release|Any CPU
		{535B7C98-5527-4072-A594-68DBDBD8ACDB}.Debug|Any CPU.ActiveCfg = Debug|Any CPU
		{535B7C98-5527-4072-A594-68DBDBD8ACDB}.Debug|Any CPU.Build.0 = Debug|Any CPU
		{535B7C98-5527-4072-A594-68DBDBD8ACDB}.Release|Any CPU.ActiveCfg = Release|Any CPU
		{535B7C98-5527-4072-A594-68DBDBD8ACDB}.Release|Any CPU.Build.0 = Release|Any CPU
		{CE9E3399-3CFE-4277-B9A8-D81EE838AB62}.Debug|Any CPU.ActiveCfg = Debug|Any CPU
		{CE9E3399-3CFE-4277-B9A8-D81EE838AB62}.Debug|Any CPU.Build.0 = Debug|Any CPU
		{CE9E3399-3CFE-4277-B9A8-D81EE838AB62}.Release|Any CPU.ActiveCfg = Release|Any CPU
		{CE9E3399-3CFE-4277-B9A8-D81EE838AB62}.Release|Any CPU.Build.0 = Release|Any CPU
		{A0CE3176-EDDD-4D13-B0B5-2196E171AFA2}.Debug|Any CPU.ActiveCfg = Debug|Any CPU
		{A0CE3176-EDDD-4D13-B0B5-2196E171AFA2}.Debug|Any CPU.Build.0 = Debug|Any CPU
		{A0CE3176-EDDD-4D13-B0B5-2196E171AFA2}.Release|Any CPU.ActiveCfg = Release|Any CPU
		{A0CE3176-EDDD-4D13-B0B5-2196E171AFA2}.Release|Any CPU.Build.0 = Release|Any CPU
	EndGlobalSection
	GlobalSection(SolutionProperties) = preSolution
		HideSolutionNode = FALSE
	EndGlobalSection
EndGlobal
