
Microsoft Visual Studio Solution File, Format Version 12.00
# Visual Studio 2013
VisualStudioVersion = 12.0.31101.0
MinimumVisualStudioVersion = 10.0.40219.1
Project("{FAE04EC0-301F-11D3-BF4B-00C04F79EFBC}") = "Q01SumAndAverage", "Q01SumAndAverage\Q01SumAndAverage.csproj", "{C9433BED-558E-4348-8769-2479B20D452C}"
EndProject
Project("{FAE04EC0-301F-11D3-BF4B-00C04F79EFBC}") = "Q02SortWords", "Q02SortWords\Q02SortWords.csproj", "{2784299E-38CB-45ED-A163-1F5C46CDD78F}"
EndProject
Project("{FAE04EC0-301F-11D3-BF4B-00C04F79EFBC}") = "Q03LongestSubsequence", "Q03LongestSubsequence\Q03LongestSubsequence.csproj", "{CEF9492F-7384-4A1A-A8F5-C3E1A0310EBB}"
EndProject
Project("{FAE04EC0-301F-11D3-BF4B-00C04F79EFBC}") = "Q04RemoveOddOccurences", "Q04RemoveOddOccurences\Q04RemoveOddOccurences.csproj", "{B1FC3EA0-18BE-4E6B-BA97-0F1FF9431F8D}"
EndProject
Project("{FAE04EC0-301F-11D3-BF4B-00C04F79EFBC}") = "Q05CountOfOccurences", "Q05CountOfOccurences\Q05CountOfOccurences.csproj", "{04095AB6-59AB-4D70-BECB-A961C1CB4C9A}"
EndProject
Project("{FAE04EC0-301F-11D3-BF4B-00C04F79EFBC}") = "Q06ReversedList", "Q06ReversedList\Q06ReversedList.csproj", "{6A53079F-7EDA-4F54-943E-96BBF6DA1212}"
EndProject
Project("{FAE04EC0-301F-11D3-BF4B-00C04F79EFBC}") = "Q07ImplementALinkedList", "Q07ImplementALinkedList\Q07ImplementALinkedList.csproj", "{2C33D06E-5302-471D-9793-295B9BB39FC8}"
EndProject
Global
	GlobalSection(SolutionConfigurationPlatforms) = preSolution
		Debug|Any CPU = Debug|Any CPU
		Release|Any CPU = Release|Any CPU
	EndGlobalSection
	GlobalSection(ProjectConfigurationPlatforms) = postSolution
		{C9433BED-558E-4348-8769-2479B20D452C}.Debug|Any CPU.ActiveCfg = Debug|Any CPU
		{C9433BED-558E-4348-8769-2479B20D452C}.Debug|Any CPU.Build.0 = Debug|Any CPU
		{C9433BED-558E-4348-8769-2479B20D452C}.Release|Any CPU.ActiveCfg = Release|Any CPU
		{C9433BED-558E-4348-8769-2479B20D452C}.Release|Any CPU.Build.0 = Release|Any CPU
		{2784299E-38CB-45ED-A163-1F5C46CDD78F}.Debug|Any CPU.ActiveCfg = Debug|Any CPU
		{2784299E-38CB-45ED-A163-1F5C46CDD78F}.Debug|Any CPU.Build.0 = Debug|Any CPU
		{2784299E-38CB-45ED-A163-1F5C46CDD78F}.Release|Any CPU.ActiveCfg = Release|Any CPU
		{2784299E-38CB-45ED-A163-1F5C46CDD78F}.Release|Any CPU.Build.0 = Release|Any CPU
		{CEF9492F-7384-4A1A-A8F5-C3E1A0310EBB}.Debug|Any CPU.ActiveCfg = Debug|Any CPU
		{CEF9492F-7384-4A1A-A8F5-C3E1A0310EBB}.Debug|Any CPU.Build.0 = Debug|Any CPU
		{CEF9492F-7384-4A1A-A8F5-C3E1A0310EBB}.Release|Any CPU.ActiveCfg = Release|Any CPU
		{CEF9492F-7384-4A1A-A8F5-C3E1A0310EBB}.Release|Any CPU.Build.0 = Release|Any CPU
		{B1FC3EA0-18BE-4E6B-BA97-0F1FF9431F8D}.Debug|Any CPU.ActiveCfg = Debug|Any CPU
		{B1FC3EA0-18BE-4E6B-BA97-0F1FF9431F8D}.Debug|Any CPU.Build.0 = Debug|Any CPU
		{B1FC3EA0-18BE-4E6B-BA97-0F1FF9431F8D}.Release|Any CPU.ActiveCfg = Release|Any CPU
		{B1FC3EA0-18BE-4E6B-BA97-0F1FF9431F8D}.Release|Any CPU.Build.0 = Release|Any CPU
		{04095AB6-59AB-4D70-BECB-A961C1CB4C9A}.Debug|Any CPU.ActiveCfg = Debug|Any CPU
		{04095AB6-59AB-4D70-BECB-A961C1CB4C9A}.Debug|Any CPU.Build.0 = Debug|Any CPU
		{04095AB6-59AB-4D70-BECB-A961C1CB4C9A}.Release|Any CPU.ActiveCfg = Release|Any CPU
		{04095AB6-59AB-4D70-BECB-A961C1CB4C9A}.Release|Any CPU.Build.0 = Release|Any CPU
		{6A53079F-7EDA-4F54-943E-96BBF6DA1212}.Debug|Any CPU.ActiveCfg = Debug|Any CPU
		{6A53079F-7EDA-4F54-943E-96BBF6DA1212}.Debug|Any CPU.Build.0 = Debug|Any CPU
		{6A53079F-7EDA-4F54-943E-96BBF6DA1212}.Release|Any CPU.ActiveCfg = Release|Any CPU
		{6A53079F-7EDA-4F54-943E-96BBF6DA1212}.Release|Any CPU.Build.0 = Release|Any CPU
		{2C33D06E-5302-471D-9793-295B9BB39FC8}.Debug|Any CPU.ActiveCfg = Debug|Any CPU
		{2C33D06E-5302-471D-9793-295B9BB39FC8}.Debug|Any CPU.Build.0 = Debug|Any CPU
		{2C33D06E-5302-471D-9793-295B9BB39FC8}.Release|Any CPU.ActiveCfg = Release|Any CPU
		{2C33D06E-5302-471D-9793-295B9BB39FC8}.Release|Any CPU.Build.0 = Release|Any CPU
	EndGlobalSection
	GlobalSection(SolutionProperties) = preSolution
		HideSolutionNode = FALSE
	EndGlobalSection
EndGlobal
